
Microsoft Visual Studio Solution File, Format Version 12.00
# Visual Studio Version 16
VisualStudioVersion = 16.0.28803.202
MinimumVisualStudioVersion = 10.0.40219.1
Project("{2150E333-8FDC-42A3-9474-1A3956D46DE8}") = "Solution Items", "Solution Items", "{47577196-2774-4E9A-BB67-538A6F6F4692}"
	ProjectSection(SolutionItems) = preProject
		ToDoList.txt = ToDoList.txt
	EndProjectSection
EndProject
Project("{FAE04EC0-301F-11D3-BF4B-00C04F79EFBC}") = "NetworkPlanning", "..\src\NetworkPlanning\NetworkPlanning.csproj", "{F054879C-A07C-479A-8609-3B20935403E6}"
EndProject
Global
	GlobalSection(SolutionConfigurationPlatforms) = preSolution
		Debug|Any CPU = Debug|Any CPU
		Release|Any CPU = Release|Any CPU
	EndGlobalSection
	GlobalSection(ProjectConfigurationPlatforms) = postSolution
		{F054879C-A07C-479A-8609-3B20935403E6}.Debug|Any CPU.ActiveCfg = Debug|Any CPU
		{F054879C-A07C-479A-8609-3B20935403E6}.Debug|Any CPU.Build.0 = Debug|Any CPU
		{F054879C-A07C-479A-8609-3B20935403E6}.Release|Any CPU.ActiveCfg = Release|Any CPU
		{F054879C-A07C-479A-8609-3B20935403E6}.Release|Any CPU.Build.0 = Release|Any CPU
	EndGlobalSection
	GlobalSection(SolutionProperties) = preSolution
		HideSolutionNode = FALSE
	EndGlobalSection
	GlobalSection(ExtensibilityGlobals) = postSolution
		SolutionGuid = {F3B22210-C1EC-4815-B299-8E7E88FC8DCB}
	EndGlobalSection
EndGlobal
